
Microsoft Visual Studio Solution File, Format Version 12.00
# Visual Studio Version 16
VisualStudioVersion = 16.0.33423.256
MinimumVisualStudioVersion = 10.0.40219.1
Project("{FAE04EC0-301F-11D3-BF4B-00C04F79EFBC}") = "RobinsBookStore", "RobinsBookStore\RobinsBookStore.csproj", "{31ECA588-F4CC-440B-B834-FF39B9451992}"
EndProject
Project("{2150E333-8FDC-42A3-9474-1A3956D46DE8}") = "Solution Items", "Solution Items", "{D8115641-EDD3-4CB2-A4A9-41C522A58F47}"
EndProject
Project("{FAE04EC0-301F-11D3-BF4B-00C04F79EFBC}") = "RobinsBooks.DataAccess", "RobinsBooks.DataAccess\RobinsBooks.DataAccess.csproj", "{6CEA7DC3-EB69-40FD-A135-B711054D3508}"
EndProject
Project("{FAE04EC0-301F-11D3-BF4B-00C04F79EFBC}") = "RobinsBooks.Models", "RobinsBooks.Models\RobinsBooks.Models.csproj", "{D0ABEAC3-05CD-44D3-A7D7-E1674154B1FB}"
EndProject
Project("{FAE04EC0-301F-11D3-BF4B-00C04F79EFBC}") = "RobinsBooks.Utility", "RobinsBooks.Utility\RobinsBooks.Utility.csproj", "{BFB744C9-70E4-40EE-892F-BE6E4569AD27}"
EndProject
Global
	GlobalSection(SolutionConfigurationPlatforms) = preSolution
		Debug|Any CPU = Debug|Any CPU
		Release|Any CPU = Release|Any CPU
	EndGlobalSection
	GlobalSection(ProjectConfigurationPlatforms) = postSolution
		{31ECA588-F4CC-440B-B834-FF39B9451992}.Debug|Any CPU.ActiveCfg = Debug|Any CPU
		{31ECA588-F4CC-440B-B834-FF39B9451992}.Debug|Any CPU.Build.0 = Debug|Any CPU
		{31ECA588-F4CC-440B-B834-FF39B9451992}.Release|Any CPU.ActiveCfg = Release|Any CPU
		{31ECA588-F4CC-440B-B834-FF39B9451992}.Release|Any CPU.Build.0 = Release|Any CPU
		{6CEA7DC3-EB69-40FD-A135-B711054D3508}.Debug|Any CPU.ActiveCfg = Debug|Any CPU
		{6CEA7DC3-EB69-40FD-A135-B711054D3508}.Debug|Any CPU.Build.0 = Debug|Any CPU
		{6CEA7DC3-EB69-40FD-A135-B711054D3508}.Release|Any CPU.ActiveCfg = Release|Any CPU
		{6CEA7DC3-EB69-40FD-A135-B711054D3508}.Release|Any CPU.Build.0 = Release|Any CPU
		{D0ABEAC3-05CD-44D3-A7D7-E1674154B1FB}.Debug|Any CPU.ActiveCfg = Debug|Any CPU
		{D0ABEAC3-05CD-44D3-A7D7-E1674154B1FB}.Debug|Any CPU.Build.0 = Debug|Any CPU
		{D0ABEAC3-05CD-44D3-A7D7-E1674154B1FB}.Release|Any CPU.ActiveCfg = Release|Any CPU
		{D0ABEAC3-05CD-44D3-A7D7-E1674154B1FB}.Release|Any CPU.Build.0 = Release|Any CPU
		{BFB744C9-70E4-40EE-892F-BE6E4569AD27}.Debug|Any CPU.ActiveCfg = Debug|Any CPU
		{BFB744C9-70E4-40EE-892F-BE6E4569AD27}.Debug|Any CPU.Build.0 = Debug|Any CPU
		{BFB744C9-70E4-40EE-892F-BE6E4569AD27}.Release|Any CPU.ActiveCfg = Release|Any CPU
		{BFB744C9-70E4-40EE-892F-BE6E4569AD27}.Release|Any CPU.Build.0 = Release|Any CPU
	EndGlobalSection
	GlobalSection(SolutionProperties) = preSolution
		HideSolutionNode = FALSE
	EndGlobalSection
	GlobalSection(ExtensibilityGlobals) = postSolution
		SolutionGuid = {7C67F260-FA79-4E14-810A-131805D4623A}
	EndGlobalSection
EndGlobal
